
Microsoft Visual Studio Solution File, Format Version 12.00
# Visual Studio 2012
Project("{FAE04EC0-301F-11D3-BF4B-00C04F79EFBC}") = "Contatos", "Contatos.csproj", "{46DF445D-4670-48E7-82C1-95F8B5ED03CC}"
EndProject
Project("{FAE04EC0-301F-11D3-BF4B-00C04F79EFBC}") = "Contatos.iOS", "iOS\Contatos.iOS.csproj", "{865E38BE-61B0-41D0-8C20-2E72233FD339}"
EndProject
Project("{FAE04EC0-301F-11D3-BF4B-00C04F79EFBC}") = "Contatos.Droid", "Droid\Contatos.Droid.csproj", "{81A4E1B6-340F-42EA-AA82-26A4EDE5FA2F}"
EndProject
Global
	GlobalSection(SolutionConfigurationPlatforms) = preSolution
		Debug|Any CPU = Debug|Any CPU
		Release|Any CPU = Release|Any CPU
		Debug|iPhoneSimulator = Debug|iPhoneSimulator
		Release|iPhone = Release|iPhone
		Release|iPhoneSimulator = Release|iPhoneSimulator
		Debug|iPhone = Debug|iPhone
	EndGlobalSection
	GlobalSection(ProjectConfigurationPlatforms) = postSolution
		{46DF445D-4670-48E7-82C1-95F8B5ED03CC}.Debug|Any CPU.ActiveCfg = Debug|Any CPU
		{46DF445D-4670-48E7-82C1-95F8B5ED03CC}.Debug|Any CPU.Build.0 = Debug|Any CPU
		{46DF445D-4670-48E7-82C1-95F8B5ED03CC}.Release|Any CPU.ActiveCfg = Release|Any CPU
		{46DF445D-4670-48E7-82C1-95F8B5ED03CC}.Release|Any CPU.Build.0 = Release|Any CPU
		{46DF445D-4670-48E7-82C1-95F8B5ED03CC}.Debug|iPhoneSimulator.ActiveCfg = Debug|Any CPU
		{46DF445D-4670-48E7-82C1-95F8B5ED03CC}.Debug|iPhoneSimulator.Build.0 = Debug|Any CPU
		{46DF445D-4670-48E7-82C1-95F8B5ED03CC}.Release|iPhone.ActiveCfg = Release|Any CPU
		{46DF445D-4670-48E7-82C1-95F8B5ED03CC}.Release|iPhone.Build.0 = Release|Any CPU
		{46DF445D-4670-48E7-82C1-95F8B5ED03CC}.Release|iPhoneSimulator.ActiveCfg = Release|Any CPU
		{46DF445D-4670-48E7-82C1-95F8B5ED03CC}.Release|iPhoneSimulator.Build.0 = Release|Any CPU
		{46DF445D-4670-48E7-82C1-95F8B5ED03CC}.Debug|iPhone.ActiveCfg = Debug|Any CPU
		{46DF445D-4670-48E7-82C1-95F8B5ED03CC}.Debug|iPhone.Build.0 = Debug|Any CPU
		{865E38BE-61B0-41D0-8C20-2E72233FD339}.Debug|Any CPU.ActiveCfg = Debug|iPhoneSimulator
		{865E38BE-61B0-41D0-8C20-2E72233FD339}.Debug|Any CPU.Build.0 = Debug|iPhoneSimulator
		{865E38BE-61B0-41D0-8C20-2E72233FD339}.Release|Any CPU.ActiveCfg = Release|iPhone
		{865E38BE-61B0-41D0-8C20-2E72233FD339}.Release|Any CPU.Build.0 = Release|iPhone
		{865E38BE-61B0-41D0-8C20-2E72233FD339}.Debug|iPhoneSimulator.ActiveCfg = Debug|iPhoneSimulator
		{865E38BE-61B0-41D0-8C20-2E72233FD339}.Debug|iPhoneSimulator.Build.0 = Debug|iPhoneSimulator
		{865E38BE-61B0-41D0-8C20-2E72233FD339}.Release|iPhone.ActiveCfg = Release|iPhone
		{865E38BE-61B0-41D0-8C20-2E72233FD339}.Release|iPhone.Build.0 = Release|iPhone
		{865E38BE-61B0-41D0-8C20-2E72233FD339}.Release|iPhoneSimulator.ActiveCfg = Release|iPhoneSimulator
		{865E38BE-61B0-41D0-8C20-2E72233FD339}.Release|iPhoneSimulator.Build.0 = Release|iPhoneSimulator
		{865E38BE-61B0-41D0-8C20-2E72233FD339}.Debug|iPhone.ActiveCfg = Debug|iPhone
		{865E38BE-61B0-41D0-8C20-2E72233FD339}.Debug|iPhone.Build.0 = Debug|iPhone
		{81A4E1B6-340F-42EA-AA82-26A4EDE5FA2F}.Debug|Any CPU.ActiveCfg = Debug|Any CPU
		{81A4E1B6-340F-42EA-AA82-26A4EDE5FA2F}.Debug|Any CPU.Build.0 = Debug|Any CPU
		{81A4E1B6-340F-42EA-AA82-26A4EDE5FA2F}.Release|Any CPU.ActiveCfg = Release|Any CPU
		{81A4E1B6-340F-42EA-AA82-26A4EDE5FA2F}.Release|Any CPU.Build.0 = Release|Any CPU
		{81A4E1B6-340F-42EA-AA82-26A4EDE5FA2F}.Debug|iPhoneSimulator.ActiveCfg = Debug|Any CPU
		{81A4E1B6-340F-42EA-AA82-26A4EDE5FA2F}.Debug|iPhoneSimulator.Build.0 = Debug|Any CPU
		{81A4E1B6-340F-42EA-AA82-26A4EDE5FA2F}.Release|iPhone.ActiveCfg = Release|Any CPU
		{81A4E1B6-340F-42EA-AA82-26A4EDE5FA2F}.Release|iPhone.Build.0 = Release|Any CPU
		{81A4E1B6-340F-42EA-AA82-26A4EDE5FA2F}.Release|iPhoneSimulator.ActiveCfg = Release|Any CPU
		{81A4E1B6-340F-42EA-AA82-26A4EDE5FA2F}.Release|iPhoneSimulator.Build.0 = Release|Any CPU
		{81A4E1B6-340F-42EA-AA82-26A4EDE5FA2F}.Debug|iPhone.ActiveCfg = Debug|Any CPU
		{81A4E1B6-340F-42EA-AA82-26A4EDE5FA2F}.Debug|iPhone.Build.0 = Debug|Any CPU
	EndGlobalSection
EndGlobal
